{
  "name": "sosse",
  "lockfileVersion": 3,
  "requires": true,
  "packages": {
    "": {
      "dependencies": {
        "chart.js": "^4.4.2",
        "chartjs-adapter-luxon": "^1.3.1",
        "luxon": "^3.4.4",
        "swagger-ui-dist": "^5.12.0"
      }
    },
    "node_modules/@kurkle/color": {
      "version": "0.3.2",
      "resolved": "https://registry.npmjs.org/@kurkle/color/-/color-0.3.2.tgz",
      "integrity": "sha512-fuscdXJ9G1qb7W8VdHi+IwRqij3lBkosAm4ydQtEmbY58OzHXqQhvlxqEkoz0yssNVn38bcpRWgA9PP+OGoisw=="
    },
    "node_modules/chart.js": {
      "version": "4.4.2",
      "resolved": "https://registry.npmjs.org/chart.js/-/chart.js-4.4.2.tgz",
      "integrity": "sha512-6GD7iKwFpP5kbSD4MeRRRlTnQvxfQREy36uEtm1hzHzcOqwWx0YEHuspuoNlslu+nciLIB7fjjsHkUv/FzFcOg==",
      "dependencies": {
        "@kurkle/color": "^0.3.0"
      },
      "engines": {
        "pnpm": ">=8"
      }
    },
    "node_modules/chartjs-adapter-luxon": {
      "version": "1.3.1",
      "resolved": "https://registry.npmjs.org/chartjs-adapter-luxon/-/chartjs-adapter-luxon-1.3.1.tgz",
      "integrity": "sha512-yxHov3X8y+reIibl1o+j18xzrcdddCLqsXhriV2+aQ4hCR66IYFchlRXUvrJVoxglJ380pgytU7YWtoqdIgqhg==",
      "peerDependencies": {
        "chart.js": ">=3.0.0",
        "luxon": ">=1.0.0"
      }
    },
    "node_modules/luxon": {
      "version": "3.4.4",
      "resolved": "https://registry.npmjs.org/luxon/-/luxon-3.4.4.tgz",
      "integrity": "sha512-zobTr7akeGHnv7eBOXcRgMeCP6+uyYsczwmeRCauvpvaAltgNyTbLH/+VaEAPUeWBT+1GuNmz4wC/6jtQzbbVA==",
      "engines": {
        "node": ">=12"
      }
    },
    "node_modules/swagger-ui-dist": {
      "version": "5.12.0",
      "resolved": "https://registry.npmjs.org/swagger-ui-dist/-/swagger-ui-dist-5.12.0.tgz",
      "integrity": "sha512-Rt1xUpbHulJVGbiQjq9yy9/r/0Pg6TmpcG+fXTaMePDc8z5WUw4LfaWts5qcNv/8ewPvBIbY7DKq7qReIKNCCQ=="
    }
  }
}
