{
  "name": "sosse",
  "lockfileVersion": 3,
  "requires": true,
  "packages": {
    "": {
      "dependencies": {
        "swagger-ui-dist": "^5.12.0"
      }
    },
    "node_modules/swagger-ui-dist": {
      "version": "5.12.0",
      "resolved": "https://registry.npmjs.org/swagger-ui-dist/-/swagger-ui-dist-5.12.0.tgz",
      "integrity": "sha512-Rt1xUpbHulJVGbiQjq9yy9/r/0Pg6TmpcG+fXTaMePDc8z5WUw4LfaWts5qcNv/8ewPvBIbY7DKq7qReIKNCCQ=="
    }
  }
}
